Microsoft Visual Studio Solution File, Format Version 12.00
# Visual Studio 2012
Project("{FAE04EC0-301F-11D3-BF4B-00C04F79EFBC}") = "15Puzzle", "15Puzzle.csproj", "{DCAC8F21-7F4D-492E-A7B7-122D810765B0}"
EndProject
Global
	GlobalSection(SolutionConfigurationPlatforms) = preSolution
	Debug|Any CPU = Debug|Any CPU
	Release|Any CPU = Release|Any CPU
	Tools|Any CPU = Tools|Any CPU
	EndGlobalSection
	GlobalSection(ProjectConfigurationPlatforms) = postSolution
		{DCAC8F21-7F4D-492E-A7B7-122D810765B0}.Debug|Any CPU.ActiveCfg = Debug|Any CPU
		{DCAC8F21-7F4D-492E-A7B7-122D810765B0}.Debug|Any CPU.Build.0 = Debug|Any CPU
		{DCAC8F21-7F4D-492E-A7B7-122D810765B0}.Release|Any CPU.ActiveCfg = Release|Any CPU
		{DCAC8F21-7F4D-492E-A7B7-122D810765B0}.Release|Any CPU.Build.0 = Release|Any CPU
		{DCAC8F21-7F4D-492E-A7B7-122D810765B0}.Tools|Any CPU.ActiveCfg = Tools|Any CPU
		{DCAC8F21-7F4D-492E-A7B7-122D810765B0}.Tools|Any CPU.Build.0 = Tools|Any CPU
	EndGlobalSection
EndGlobal
